
Microsoft Visual Studio Solution File, Format Version 11.00
# Visual Studio 2010
Project("{FAE04EC0-301F-11D3-BF4B-00C04F79EFBC}") = "Assem", "Assem\Assem.csproj", "{ACB7FC64-283F-4CAD-98D8-2DF032DFD11B}"
EndProject
Project("{FAE04EC0-301F-11D3-BF4B-00C04F79EFBC}") = "MyLibrary", "MyLibrary\MyLibrary.csproj", "{BE97A1F0-D092-4963-97E6-B136087BD3C8}"
EndProject
Global
	GlobalSection(SolutionConfigurationPlatforms) = preSolution
		Debug|Any CPU = Debug|Any CPU
		Debug|Mixed Platforms = Debug|Mixed Platforms
		Debug|x86 = Debug|x86
		Release|Any CPU = Release|Any CPU
		Release|Mixed Platforms = Release|Mixed Platforms
		Release|x86 = Release|x86
	EndGlobalSection
	GlobalSection(ProjectConfigurationPlatforms) = postSolution
		{ACB7FC64-283F-4CAD-98D8-2DF032DFD11B}.Debug|Any CPU.ActiveCfg = Debug|x86
		{ACB7FC64-283F-4CAD-98D8-2DF032DFD11B}.Debug|Mixed Platforms.ActiveCfg = Debug|x86
		{ACB7FC64-283F-4CAD-98D8-2DF032DFD11B}.Debug|Mixed Platforms.Build.0 = Debug|x86
		{ACB7FC64-283F-4CAD-98D8-2DF032DFD11B}.Debug|x86.ActiveCfg = Debug|x86
		{ACB7FC64-283F-4CAD-98D8-2DF032DFD11B}.Debug|x86.Build.0 = Debug|x86
		{ACB7FC64-283F-4CAD-98D8-2DF032DFD11B}.Release|Any CPU.ActiveCfg = Release|x86
		{ACB7FC64-283F-4CAD-98D8-2DF032DFD11B}.Release|Mixed Platforms.ActiveCfg = Release|x86
		{ACB7FC64-283F-4CAD-98D8-2DF032DFD11B}.Release|Mixed Platforms.Build.0 = Release|x86
		{ACB7FC64-283F-4CAD-98D8-2DF032DFD11B}.Release|x86.ActiveCfg = Release|x86
		{ACB7FC64-283F-4CAD-98D8-2DF032DFD11B}.Release|x86.Build.0 = Release|x86
		{BE97A1F0-D092-4963-97E6-B136087BD3C8}.Debug|Any CPU.ActiveCfg = Debug|Any CPU
		{BE97A1F0-D092-4963-97E6-B136087BD3C8}.Debug|Any CPU.Build.0 = Debug|Any CPU
		{BE97A1F0-D092-4963-97E6-B136087BD3C8}.Debug|Mixed Platforms.ActiveCfg = Debug|Any CPU
		{BE97A1F0-D092-4963-97E6-B136087BD3C8}.Debug|Mixed Platforms.Build.0 = Debug|Any CPU
		{BE97A1F0-D092-4963-97E6-B136087BD3C8}.Debug|x86.ActiveCfg = Debug|Any CPU
		{BE97A1F0-D092-4963-97E6-B136087BD3C8}.Release|Any CPU.ActiveCfg = Release|Any CPU
		{BE97A1F0-D092-4963-97E6-B136087BD3C8}.Release|Any CPU.Build.0 = Release|Any CPU
		{BE97A1F0-D092-4963-97E6-B136087BD3C8}.Release|Mixed Platforms.ActiveCfg = Release|Any CPU
		{BE97A1F0-D092-4963-97E6-B136087BD3C8}.Release|Mixed Platforms.Build.0 = Release|Any CPU
		{BE97A1F0-D092-4963-97E6-B136087BD3C8}.Release|x86.ActiveCfg = Release|Any CPU
	EndGlobalSection
	GlobalSection(SolutionProperties) = preSolution
		HideSolutionNode = FALSE
	EndGlobalSection
EndGlobal
