
Microsoft Visual Studio Solution File, Format Version 11.00
# Visual Studio 2010
Project("{FAE04EC0-301F-11D3-BF4B-00C04F79EFBC}") = "Class2Proj", "Class2Proj\Class2Proj.csproj", "{AE4801E3-DCF5-43A3-9365-5048155C2496}"
EndProject
Global
	GlobalSection(SolutionConfigurationPlatforms) = preSolution
		Debug|x86 = Debug|x86
		Release|x86 = Release|x86
	EndGlobalSection
	GlobalSection(ProjectConfigurationPlatforms) = postSolution
		{AE4801E3-DCF5-43A3-9365-5048155C2496}.Debug|x86.ActiveCfg = Debug|x86
		{AE4801E3-DCF5-43A3-9365-5048155C2496}.Debug|x86.Build.0 = Debug|x86
		{AE4801E3-DCF5-43A3-9365-5048155C2496}.Release|x86.ActiveCfg = Release|x86
		{AE4801E3-DCF5-43A3-9365-5048155C2496}.Release|x86.Build.0 = Release|x86
	EndGlobalSection
	GlobalSection(SolutionProperties) = preSolution
		HideSolutionNode = FALSE
	EndGlobalSection
EndGlobal
