
Microsoft Visual Studio Solution File, Format Version 11.00
# Visual Studio 2010
Project("{FAE04EC0-301F-11D3-BF4B-00C04F79EFBC}") = "CustomWebService", "CustomWebService\CustomWebService.csproj", "{11A98E9B-D370-44FC-A2B2-63A55E445F00}"
EndProject
Project("{FAE04EC0-301F-11D3-BF4B-00C04F79EFBC}") = "Client", "Client\Client.csproj", "{C32F3A31-2EDC-4D04-85AE-B8708472C2B6}"
	ProjectSection(ProjectDependencies) = postProject
		{11A98E9B-D370-44FC-A2B2-63A55E445F00} = {11A98E9B-D370-44FC-A2B2-63A55E445F00}
	EndProjectSection
EndProject
Project("{FAE04EC0-301F-11D3-BF4B-00C04F79EFBC}") = "OldClient", "OldClient\OldClient.csproj", "{0EE7692A-0E58-4A71-9716-57F93E07287F}"
EndProject
Global
	GlobalSection(SolutionConfigurationPlatforms) = preSolution
		Debug|Any CPU = Debug|Any CPU
		Release|Any CPU = Release|Any CPU
	EndGlobalSection
	GlobalSection(ProjectConfigurationPlatforms) = postSolution
		{11A98E9B-D370-44FC-A2B2-63A55E445F00}.Debug|Any CPU.ActiveCfg = Debug|Any CPU
		{11A98E9B-D370-44FC-A2B2-63A55E445F00}.Debug|Any CPU.Build.0 = Debug|Any CPU
		{11A98E9B-D370-44FC-A2B2-63A55E445F00}.Release|Any CPU.ActiveCfg = Release|Any CPU
		{11A98E9B-D370-44FC-A2B2-63A55E445F00}.Release|Any CPU.Build.0 = Release|Any CPU
		{C32F3A31-2EDC-4D04-85AE-B8708472C2B6}.Debug|Any CPU.ActiveCfg = Debug|Any CPU
		{C32F3A31-2EDC-4D04-85AE-B8708472C2B6}.Debug|Any CPU.Build.0 = Debug|Any CPU
		{C32F3A31-2EDC-4D04-85AE-B8708472C2B6}.Release|Any CPU.ActiveCfg = Release|Any CPU
		{C32F3A31-2EDC-4D04-85AE-B8708472C2B6}.Release|Any CPU.Build.0 = Release|Any CPU
		{0EE7692A-0E58-4A71-9716-57F93E07287F}.Debug|Any CPU.ActiveCfg = Debug|Any CPU
		{0EE7692A-0E58-4A71-9716-57F93E07287F}.Debug|Any CPU.Build.0 = Debug|Any CPU
		{0EE7692A-0E58-4A71-9716-57F93E07287F}.Release|Any CPU.ActiveCfg = Release|Any CPU
		{0EE7692A-0E58-4A71-9716-57F93E07287F}.Release|Any CPU.Build.0 = Release|Any CPU
	EndGlobalSection
	GlobalSection(SolutionProperties) = preSolution
		HideSolutionNode = FALSE
	EndGlobalSection
EndGlobal
